
Microsoft Visual Studio Solution File, Format Version 12.00
# Visual Studio Version 16
VisualStudioVersion = 16.0.30804.86
MinimumVisualStudioVersion = 10.0.40219.1
Project("{FAE04EC0-301F-11D3-BF4B-00C04F79EFBC}") = "2048_final_project", "2048_final_project\2048_final_project.csproj", "{62F21B45-AEAF-490C-9279-4FB2C75C1CE0}"
EndProject
Global
	GlobalSection(SolutionConfigurationPlatforms) = preSolution
		Debug|Any CPU = Debug|Any CPU
		Release|Any CPU = Release|Any CPU
	EndGlobalSection
	GlobalSection(ProjectConfigurationPlatforms) = postSolution
		{62F21B45-AEAF-490C-9279-4FB2C75C1CE0}.Debug|Any CPU.ActiveCfg = Debug|Any CPU
		{62F21B45-AEAF-490C-9279-4FB2C75C1CE0}.Debug|Any CPU.Build.0 = Debug|Any CPU
		{62F21B45-AEAF-490C-9279-4FB2C75C1CE0}.Release|Any CPU.ActiveCfg = Release|Any CPU
		{62F21B45-AEAF-490C-9279-4FB2C75C1CE0}.Release|Any CPU.Build.0 = Release|Any CPU
	EndGlobalSection
	GlobalSection(SolutionProperties) = preSolution
		HideSolutionNode = FALSE
	EndGlobalSection
	GlobalSection(ExtensibilityGlobals) = postSolution
		SolutionGuid = {5C0DBCF5-92BE-4CEB-852F-9F81CAD27093}
	EndGlobalSection
EndGlobal
